
Microsoft Visual Studio Solution File, Format Version 12.00
# Visual Studio Version 17
VisualStudioVersion = 17.0.31903.59
MinimumVisualStudioVersion = 10.0.40219.1
Project("{FAE04EC0-301F-11D3-BF4B-00C04F79EFBC}") = "ConsoleApp8", "ConsoleApp8\ConsoleApp8.csproj", "{50A24CED-6AA0-4EB7-AA32-F083E4FBD6CF}"
EndProject
Global
	GlobalSection(SolutionConfigurationPlatforms) = preSolution
		Debug|Any CPU = Debug|Any CPU
		Release|Any CPU = Release|Any CPU
	EndGlobalSection
	GlobalSection(ProjectConfigurationPlatforms) = postSolution
		{50A24CED-6AA0-4EB7-AA32-F083E4FBD6CF}.Debug|Any CPU.ActiveCfg = Debug|Any CPU
		{50A24CED-6AA0-4EB7-AA32-F083E4FBD6CF}.Debug|Any CPU.Build.0 = Debug|Any CPU
		{50A24CED-6AA0-4EB7-AA32-F083E4FBD6CF}.Release|Any CPU.ActiveCfg = Release|Any CPU
		{50A24CED-6AA0-4EB7-AA32-F083E4FBD6CF}.Release|Any CPU.Build.0 = Release|Any CPU
	EndGlobalSection
	GlobalSection(SolutionProperties) = preSolution
		HideSolutionNode = FALSE
	EndGlobalSection
	GlobalSection(ExtensibilityGlobals) = postSolution
		SolutionGuid = {12E4A52D-B29C-4429-9D08-8D2DEC2C4A50}
	EndGlobalSection
EndGlobal
